
Microsoft Visual Studio Solution File, Format Version 12.00
# Visual Studio Version 17
VisualStudioVersion = 17.11.35312.102
MinimumVisualStudioVersion = 10.0.40219.1
Project("{FAE04EC0-301F-11D3-BF4B-00C04F79EFBC}") = "Dijkstra-console", "Dijkstra-console\Dijkstra-console.csproj", "{FA1E0BB5-2238-4BDF-898A-6F56DB8D3106}"
EndProject
Global
	GlobalSection(SolutionConfigurationPlatforms) = preSolution
		Debug|Any CPU = Debug|Any CPU
		Release|Any CPU = Release|Any CPU
	EndGlobalSection
	GlobalSection(ProjectConfigurationPlatforms) = postSolution
		{FA1E0BB5-2238-4BDF-898A-6F56DB8D3106}.Debug|Any CPU.ActiveCfg = Debug|Any CPU
		{FA1E0BB5-2238-4BDF-898A-6F56DB8D3106}.Debug|Any CPU.Build.0 = Debug|Any CPU
		{FA1E0BB5-2238-4BDF-898A-6F56DB8D3106}.Release|Any CPU.ActiveCfg = Release|Any CPU
		{FA1E0BB5-2238-4BDF-898A-6F56DB8D3106}.Release|Any CPU.Build.0 = Release|Any CPU
	EndGlobalSection
	GlobalSection(SolutionProperties) = preSolution
		HideSolutionNode = FALSE
	EndGlobalSection
	GlobalSection(ExtensibilityGlobals) = postSolution
		SolutionGuid = {A4BFD1AD-AA16-4F0D-8C60-CA5630632489}
	EndGlobalSection
EndGlobal
